// !$*UTF8*$!
{
	archiveVersion = 1;
	classes = {
	};
	objectVersion = 56;
	objects = {

/* Begin PBXBuildFile section */
		21151AA92C1DD5BC00A8057A /* ChatView.swift in Sources */ = {isa = PBXBuildFile; fileRef = 21151AA82C1DD5BC00A8057A /* ChatView.swift */; };
		21151AAB2C1DD5E800A8057A /* GameView.swift in Sources */ = {isa = PBXBuildFile; fileRef = 21151AAA2C1DD5E800A8057A /* GameView.swift */; };
		218AC82F2C1EB7F0006C9ADB /* SignInSheet.swift in Sources */ = {isa = PBXBuildFile; fileRef = 218AC82E2C1EB7F0006C9ADB /* SignInSheet.swift */; };
		219272EA2C1DC75C003DB9D6 /* WebSocketsDemoApp.swift in Sources */ = {isa = PBXBuildFile; fileRef = 219272E92C1DC75C003DB9D6 /* WebSocketsDemoApp.swift */; };
		219272EC2C1DC75C003DB9D6 /* ContentView.swift in Sources */ = {isa = PBXBuildFile; fileRef = 219272EB2C1DC75C003DB9D6 /* ContentView.swift */; };
		219272EE2C1DC75D003DB9D6 /* Assets.xcassets in Resources */ = {isa = PBXBuildFile; fileRef = 219272ED2C1DC75D003DB9D6 /* Assets.xcassets */; };
		219272F22C1DC75D003DB9D6 /* Preview Assets.xcassets in Resources */ = {isa = PBXBuildFile; fileRef = 219272F12C1DC75D003DB9D6 /* Preview Assets.xcassets */; };
		21BCBDF92C1E843D00B9E748 /* WebSocketConnection.swift in Sources */ = {isa = PBXBuildFile; fileRef = 21BCBDF82C1E843D00B9E748 /* WebSocketConnection.swift */; };
		21F144272C2136BF007A6838 /* GameMessages.swift in Sources */ = {isa = PBXBuildFile; fileRef = 21F144252C2136BF007A6838 /* GameMessages.swift */; };
		21F144292C2143AB007A6838 /* TicTacToeCell.swift in Sources */ = {isa = PBXBuildFile; fileRef = 21F144282C2143AB007A6838 /* TicTacToeCell.swift */; };
/* End PBXBuildFile section */

/* Begin PBXFileReference section */
		21151AA82C1DD5BC00A8057A /* ChatView.swift */ = {isa = PBXFileReference; lastKnownFileType = sourcecode.swift; path = ChatView.swift; sourceTree = "<group>"; };
		21151AAA2C1DD5E800A8057A /* GameView.swift */ = {isa = PBXFileReference; lastKnownFileType = sourcecode.swift; path = GameView.swift; sourceTree = "<group>"; };
		218AC82E2C1EB7F0006C9ADB /* SignInSheet.swift */ = {isa = PBXFileReference; lastKnownFileType = sourcecode.swift; path = SignInSheet.swift; sourceTree = "<group>"; };
		219272E62C1DC75C003DB9D6 /* WebSocketsDemoApp.app */ = {isa = PBXFileReference; explicitFileType = wrapper.application; includeInIndex = 0; path = WebSocketsDemoApp.app; sourceTree = BUILT_PRODUCTS_DIR; };
		219272E92C1DC75C003DB9D6 /* WebSocketsDemoApp.swift */ = {isa = PBXFileReference; lastKnownFileType = sourcecode.swift; path = WebSocketsDemoApp.swift; sourceTree = "<group>"; };
		219272EB2C1DC75C003DB9D6 /* ContentView.swift */ = {isa = PBXFileReference; lastKnownFileType = sourcecode.swift; path = ContentView.swift; sourceTree = "<group>"; };
		219272ED2C1DC75D003DB9D6 /* Assets.xcassets */ = {isa = PBXFileReference; lastKnownFileType = folder.assetcatalog; path = Assets.xcassets; sourceTree = "<group>"; };
		219272EF2C1DC75D003DB9D6 /* WebSocketsDemoApp.entitlements */ = {isa = PBXFileReference; lastKnownFileType = text.plist.entitlements; path = WebSocketsDemoApp.entitlements; sourceTree = "<group>"; };
		219272F12C1DC75D003DB9D6 /* Preview Assets.xcassets */ = {isa = PBXFileReference; lastKnownFileType = folder.assetcatalog; path = "Preview Assets.xcassets"; sourceTree = "<group>"; };
		21BCBDF82C1E843D00B9E748 /* WebSocketConnection.swift */ = {isa = PBXFileReference; lastKnownFileType = sourcecode.swift; path = WebSocketConnection.swift; sourceTree = "<group>"; };
		21F144252C2136BF007A6838 /* GameMessages.swift */ = {isa = PBXFileReference; fileEncoding = 4; lastKnownFileType = sourcecode.swift; path = GameMessages.swift; sourceTree = "<group>"; };
		21F144282C2143AB007A6838 /* TicTacToeCell.swift */ = {isa = PBXFileReference; lastKnownFileType = sourcecode.swift; path = TicTacToeCell.swift; sourceTree = "<group>"; };
/* End PBXFileReference section */

/* Begin PBXFrameworksBuildPhase section */
		219272E32C1DC75C003DB9D6 /* Frameworks */ = {
			isa = PBXFrameworksBuildPhase;
			buildActionMask = 2147483647;
			files = (
			);
			runOnlyForDeploymentPostprocessing = 0;
		};
/* End PBXFrameworksBuildPhase section */

/* Begin PBXGroup section */
		21151AAE2C1DE31E00A8057A /* Views */ = {
			isa = PBXGroup;
			children = (
				21151AA82C1DD5BC00A8057A /* ChatView.swift */,
				219272EB2C1DC75C003DB9D6 /* ContentView.swift */,
				21151AAA2C1DD5E800A8057A /* GameView.swift */,
				218AC82E2C1EB7F0006C9ADB /* SignInSheet.swift */,
				21F144282C2143AB007A6838 /* TicTacToeCell.swift */,
			);
			path = Views;
			sourceTree = "<group>";
		};
		21151AAF2C1DE33300A8057A /* Resources */ = {
			isa = PBXGroup;
			children = (
				219272ED2C1DC75D003DB9D6 /* Assets.xcassets */,
				219272EF2C1DC75D003DB9D6 /* WebSocketsDemoApp.entitlements */,
			);
			path = Resources;
			sourceTree = "<group>";
		};
		219272DD2C1DC75C003DB9D6 = {
			isa = PBXGroup;
			children = (
				219272E82C1DC75C003DB9D6 /* WebSocketsDemoApp */,
				219272E72C1DC75C003DB9D6 /* Products */,
			);
			sourceTree = "<group>";
		};
		219272E72C1DC75C003DB9D6 /* Products */ = {
			isa = PBXGroup;
			children = (
				219272E62C1DC75C003DB9D6 /* WebSocketsDemoApp.app */,
			);
			name = Products;
			sourceTree = "<group>";
		};
		219272E82C1DC75C003DB9D6 /* WebSocketsDemoApp */ = {
			isa = PBXGroup;
			children = (
				219272E92C1DC75C003DB9D6 /* WebSocketsDemoApp.swift */,
				21F144262C2136BF007A6838 /* Models */,
				21151AAE2C1DE31E00A8057A /* Views */,
				21BCBDF72C1E840300B9E748 /* Services */,
				21151AAF2C1DE33300A8057A /* Resources */,
				219272F02C1DC75D003DB9D6 /* Preview Content */,
			);
			path = WebSocketsDemoApp;
			sourceTree = "<group>";
		};
		219272F02C1DC75D003DB9D6 /* Preview Content */ = {
			isa = PBXGroup;
			children = (
				219272F12C1DC75D003DB9D6 /* Preview Assets.xcassets */,
			);
			path = "Preview Content";
			sourceTree = "<group>";
		};
		21BCBDF72C1E840300B9E748 /* Services */ = {
			isa = PBXGroup;
			children = (
				21BCBDF82C1E843D00B9E748 /* WebSocketConnection.swift */,
			);
			path = Services;
			sourceTree = "<group>";
		};
		21F144262C2136BF007A6838 /* Models */ = {
			isa = PBXGroup;
			children = (
				21F144252C2136BF007A6838 /* GameMessages.swift */,
			);
			path = Models;
			sourceTree = "<group>";
		};
/* End PBXGroup section */

/* Begin PBXNativeTarget section */
		219272E52C1DC75C003DB9D6 /* WebSocketsDemoApp */ = {
			isa = PBXNativeTarget;
			buildConfigurationList = 219272F52C1DC75D003DB9D6 /* Build configuration list for PBXNativeTarget "WebSocketsDemoApp" */;
			buildPhases = (
				219272E22C1DC75C003DB9D6 /* Sources */,
				219272E32C1DC75C003DB9D6 /* Frameworks */,
				219272E42C1DC75C003DB9D6 /* Resources */,
			);
			buildRules = (
			);
			dependencies = (
			);
			name = WebSocketsDemoApp;
			productName = WebSocketsDemoApp;
			productReference = 219272E62C1DC75C003DB9D6 /* WebSocketsDemoApp.app */;
			productType = "com.apple.product-type.application";
		};
/* End PBXNativeTarget section */

/* Begin PBXProject section */
		219272DE2C1DC75C003DB9D6 /* Project object */ = {
			isa = PBXProject;
			attributes = {
				BuildIndependentTargetsInParallel = 1;
				LastSwiftUpdateCheck = 1540;
				LastUpgradeCheck = 1540;
				TargetAttributes = {
					219272E52C1DC75C003DB9D6 = {
						CreatedOnToolsVersion = 15.4;
					};
				};
			};
			buildConfigurationList = 219272E12C1DC75C003DB9D6 /* Build configuration list for PBXProject "WebSocketsDemoApp" */;
			compatibilityVersion = "Xcode 14.0";
			developmentRegion = en;
			hasScannedForEncodings = 0;
			knownRegions = (
				en,
				Base,
			);
			mainGroup = 219272DD2C1DC75C003DB9D6;
			productRefGroup = 219272E72C1DC75C003DB9D6 /* Products */;
			projectDirPath = "";
			projectRoot = "";
			targets = (
				219272E52C1DC75C003DB9D6 /* WebSocketsDemoApp */,
			);
		};
/* End PBXProject section */

/* Begin PBXResourcesBuildPhase section */
		219272E42C1DC75C003DB9D6 /* Resources */ = {
			isa = PBXResourcesBuildPhase;
			buildActionMask = 2147483647;
			files = (
				219272F22C1DC75D003DB9D6 /* Preview Assets.xcassets in Resources */,
				219272EE2C1DC75D003DB9D6 /* Assets.xcassets in Resources */,
			);
			runOnlyForDeploymentPostprocessing = 0;
		};
/* End PBXResourcesBuildPhase section */

/* Begin PBXSourcesBuildPhase section */
		219272E22C1DC75C003DB9D6 /* Sources */ = {
			isa = PBXSourcesBuildPhase;
			buildActionMask = 2147483647;
			files = (
				219272EC2C1DC75C003DB9D6 /* ContentView.swift in Sources */,
				218AC82F2C1EB7F0006C9ADB /* SignInSheet.swift in Sources */,
				21151AA92C1DD5BC00A8057A /* ChatView.swift in Sources */,
				21BCBDF92C1E843D00B9E748 /* WebSocketConnection.swift in Sources */,
				21151AAB2C1DD5E800A8057A /* GameView.swift in Sources */,
				219272EA2C1DC75C003DB9D6 /* WebSocketsDemoApp.swift in Sources */,
				21F144292C2143AB007A6838 /* TicTacToeCell.swift in Sources */,
				21F144272C2136BF007A6838 /* GameMessages.swift in Sources */,
			);
			runOnlyForDeploymentPostprocessing = 0;
		};
/* End PBXSourcesBuildPhase section */

/* Begin XCBuildConfiguration section */
		219272F32C1DC75D003DB9D6 /* Debug */ = {
			isa = XCBuildConfiguration;
			buildSettings = {
				ALWAYS_SEARCH_USER_PATHS = NO;
				ASSETCATALOG_COMPILER_GENERATE_SWIFT_ASSET_SYMBOL_EXTENSIONS = YES;
				CLANG_ANALYZER_NONNULL = YES;
				CLANG_ANALYZER_NUMBER_OBJECT_CONVERSION = YES_AGGRESSIVE;
				CLANG_CXX_LANGUAGE_STANDARD = "gnu++20";
				CLANG_ENABLE_MODULES = YES;
				CLANG_ENABLE_OBJC_ARC = YES;
				CLANG_ENABLE_OBJC_WEAK = YES;
				CLANG_WARN_BLOCK_CAPTURE_AUTORELEASING = YES;
				CLANG_WARN_BOOL_CONVERSION = YES;
				CLANG_WARN_COMMA = YES;
				CLANG_WARN_CONSTANT_CONVERSION = YES;
				CLANG_WARN_DEPRECATED_OBJC_IMPLEMENTATIONS = YES;
				CLANG_WARN_DIRECT_OBJC_ISA_USAGE = YES_ERROR;
				CLANG_WARN_DOCUMENTATION_COMMENTS = YES;
				CLANG_WARN_EMPTY_BODY = YES;
				CLANG_WARN_ENUM_CONVERSION = YES;
				CLANG_WARN_INFINITE_RECURSION = YES;
				CLANG_WARN_INT_CONVERSION = YES;
				CLANG_WARN_NON_LITERAL_NULL_CONVERSION = YES;
				CLANG_WARN_OBJC_IMPLICIT_RETAIN_SELF = YES;
				CLANG_WARN_OBJC_LITERAL_CONVERSION = YES;
				CLANG_WARN_OBJC_ROOT_CLASS = YES_ERROR;
				CLANG_WARN_QUOTED_INCLUDE_IN_FRAMEWORK_HEADER = YES;
				CLANG_WARN_RANGE_LOOP_ANALYSIS = YES;
				CLANG_WARN_STRICT_PROTOTYPES = YES;
				CLANG_WARN_SUSPICIOUS_MOVE = YES;
				CLANG_WARN_UNGUARDED_AVAILABILITY = YES_AGGRESSIVE;
				CLANG_WARN_UNREACHABLE_CODE = YES;
				CLANG_WARN__DUPLICATE_METHOD_MATCH = YES;
				COPY_PHASE_STRIP = NO;
				DEBUG_INFORMATION_FORMAT = dwarf;
				ENABLE_STRICT_OBJC_MSGSEND = YES;
				ENABLE_TESTABILITY = YES;
				ENABLE_USER_SCRIPT_SANDBOXING = YES;
				GCC_C_LANGUAGE_STANDARD = gnu17;
				GCC_DYNAMIC_NO_PIC = NO;
				GCC_NO_COMMON_BLOCKS = YES;
				GCC_OPTIMIZATION_LEVEL = 0;
				GCC_PREPROCESSOR_DEFINITIONS = (
					"DEBUG=1",
					"$(inherited)",
				);
				GCC_WARN_64_TO_32_BIT_CONVERSION = YES;
				GCC_WARN_ABOUT_RETURN_TYPE = YES_ERROR;
				GCC_WARN_UNDECLARED_SELECTOR = YES;
				GCC_WARN_UNINITIALIZED_AUTOS = YES_AGGRESSIVE;
				GCC_WARN_UNUSED_FUNCTION = YES;
				GCC_WARN_UNUSED_VARIABLE = YES;
				LOCALIZATION_PREFERS_STRING_CATALOGS = YES;
				MTL_ENABLE_DEBUG_INFO = INCLUDE_SOURCE;
				MTL_FAST_MATH = YES;
				ONLY_ACTIVE_ARCH = YES;
				SWIFT_ACTIVE_COMPILATION_CONDITIONS = "DEBUG $(inherited)";
				SWIFT_OPTIMIZATION_LEVEL = "-Onone";
			};
			name = Debug;
		};
		219272F42C1DC75D003DB9D6 /* Release */ = {
			isa = XCBuildConfiguration;
			buildSettings = {
				ALWAYS_SEARCH_USER_PATHS = NO;
				ASSETCATALOG_COMPILER_GENERATE_SWIFT_ASSET_SYMBOL_EXTENSIONS = YES;
				CLANG_ANALYZER_NONNULL = YES;
				CLANG_ANALYZER_NUMBER_OBJECT_CONVERSION = YES_AGGRESSIVE;
				CLANG_CXX_LANGUAGE_STANDARD = "gnu++20";
				CLANG_ENABLE_MODULES = YES;
				CLANG_ENABLE_OBJC_ARC = YES;
				CLANG_ENABLE_OBJC_WEAK = YES;
				CLANG_WARN_BLOCK_CAPTURE_AUTORELEASING = YES;
				CLANG_WARN_BOOL_CONVERSION = YES;
				CLANG_WARN_COMMA = YES;
				CLANG_WARN_CONSTANT_CONVERSION = YES;
				CLANG_WARN_DEPRECATED_OBJC_IMPLEMENTATIONS = YES;
				CLANG_WARN_DIRECT_OBJC_ISA_USAGE = YES_ERROR;
				CLANG_WARN_DOCUMENTATION_COMMENTS = YES;
				CLANG_WARN_EMPTY_BODY = YES;
				CLANG_WARN_ENUM_CONVERSION = YES;
				CLANG_WARN_INFINITE_RECURSION = YES;
				CLANG_WARN_INT_CONVERSION = YES;
				CLANG_WARN_NON_LITERAL_NULL_CONVERSION = YES;
				CLANG_WARN_OBJC_IMPLICIT_RETAIN_SELF = YES;
				CLANG_WARN_OBJC_LITERAL_CONVERSION = YES;
				CLANG_WARN_OBJC_ROOT_CLASS = YES_ERROR;
				CLANG_WARN_QUOTED_INCLUDE_IN_FRAMEWORK_HEADER = YES;
				CLANG_WARN_RANGE_LOOP_ANALYSIS = YES;
				CLANG_WARN_STRICT_PROTOTYPES = YES;
				CLANG_WARN_SUSPICIOUS_MOVE = YES;
				CLANG_WARN_UNGUARDED_AVAILABILITY = YES_AGGRESSIVE;
				CLANG_WARN_UNREACHABLE_CODE = YES;
				CLANG_WARN__DUPLICATE_METHOD_MATCH = YES;
				COPY_PHASE_STRIP = NO;
				DEBUG_INFORMATION_FORMAT = "dwarf-with-dsym";
				ENABLE_NS_ASSERTIONS = NO;
				ENABLE_STRICT_OBJC_MSGSEND = YES;
				ENABLE_USER_SCRIPT_SANDBOXING = YES;
				GCC_C_LANGUAGE_STANDARD = gnu17;
				GCC_NO_COMMON_BLOCKS = YES;
				GCC_WARN_64_TO_32_BIT_CONVERSION = YES;
				GCC_WARN_ABOUT_RETURN_TYPE = YES_ERROR;
				GCC_WARN_UNDECLARED_SELECTOR = YES;
				GCC_WARN_UNINITIALIZED_AUTOS = YES_AGGRESSIVE;
				GCC_WARN_UNUSED_FUNCTION = YES;
				GCC_WARN_UNUSED_VARIABLE = YES;
				LOCALIZATION_PREFERS_STRING_CATALOGS = YES;
				MTL_ENABLE_DEBUG_INFO = NO;
				MTL_FAST_MATH = YES;
				SWIFT_COMPILATION_MODE = wholemodule;
			};
			name = Release;
		};
		219272F62C1DC75D003DB9D6 /* Debug */ = {
			isa = XCBuildConfiguration;
			buildSettings = {
				ASSETCATALOG_COMPILER_APPICON_NAME = AppIcon;
				ASSETCATALOG_COMPILER_GLOBAL_ACCENT_COLOR_NAME = AccentColor;
				CODE_SIGN_ENTITLEMENTS = WebSocketsDemoApp/Resources/WebSocketsDemoApp.entitlements;
				"CODE_SIGN_IDENTITY[sdk=macosx*]" = "-";
				CODE_SIGN_STYLE = Automatic;
				CURRENT_PROJECT_VERSION = 1;
				DEVELOPMENT_ASSET_PATHS = "\"WebSocketsDemoApp/Preview Content\"";
				DEVELOPMENT_TEAM = B3Z3X78JYE;
				ENABLE_HARDENED_RUNTIME = YES;
				ENABLE_PREVIEWS = YES;
				GENERATE_INFOPLIST_FILE = YES;
				"INFOPLIST_KEY_UIApplicationSceneManifest_Generation[sdk=iphoneos*]" = YES;
				"INFOPLIST_KEY_UIApplicationSceneManifest_Generation[sdk=iphonesimulator*]" = YES;
				"INFOPLIST_KEY_UIApplicationSupportsIndirectInputEvents[sdk=iphoneos*]" = YES;
				"INFOPLIST_KEY_UIApplicationSupportsIndirectInputEvents[sdk=iphonesimulator*]" = YES;
				"INFOPLIST_KEY_UILaunchScreen_Generation[sdk=iphoneos*]" = YES;
				"INFOPLIST_KEY_UILaunchScreen_Generation[sdk=iphonesimulator*]" = YES;
				"INFOPLIST_KEY_UIStatusBarStyle[sdk=iphoneos*]" = UIStatusBarStyleDefault;
				"INFOPLIST_KEY_UIStatusBarStyle[sdk=iphonesimulator*]" = UIStatusBarStyleDefault;
				INFOPLIST_KEY_UISupportedInterfaceOrientations_iPad = "UIInterfaceOrientationPortrait UIInterfaceOrientationPortraitUpsideDown UIInterfaceOrientationLandscapeLeft UIInterfaceOrientationLandscapeRight";
				INFOPLIST_KEY_UISupportedInterfaceOrientations_iPhone = "UIInterfaceOrientationPortrait UIInterfaceOrientationLandscapeLeft UIInterfaceOrientationLandscapeRight";
				IPHONEOS_DEPLOYMENT_TARGET = 17.5;
				LD_RUNPATH_SEARCH_PATHS = "@executable_path/Frameworks";
				"LD_RUNPATH_SEARCH_PATHS[sdk=macosx*]" = "@executable_path/../Frameworks";
				MACOSX_DEPLOYMENT_TARGET = 14.5;
				MARKETING_VERSION = 1.0;
				PRODUCT_BUNDLE_IDENTIFIER = dev.chrispatterson.WebSocketsDemoApp;
				PRODUCT_NAME = "$(TARGET_NAME)";
				SDKROOT = auto;
				SUPPORTED_PLATFORMS = "iphoneos iphonesimulator macosx";
				SWIFT_EMIT_LOC_STRINGS = YES;
				SWIFT_VERSION = 5.0;
				TARGETED_DEVICE_FAMILY = "1,2";
			};
			name = Debug;
		};
		219272F72C1DC75D003DB9D6 /* Release */ = {
			isa = XCBuildConfiguration;
			buildSettings = {
				ASSETCATALOG_COMPILER_APPICON_NAME = AppIcon;
				ASSETCATALOG_COMPILER_GLOBAL_ACCENT_COLOR_NAME = AccentColor;
				CODE_SIGN_ENTITLEMENTS = WebSocketsDemoApp/Resources/WebSocketsDemoApp.entitlements;
				"CODE_SIGN_IDENTITY[sdk=macosx*]" = "-";
				CODE_SIGN_STYLE = Automatic;
				CURRENT_PROJECT_VERSION = 1;
				DEVELOPMENT_ASSET_PATHS = "\"WebSocketsDemoApp/Preview Content\"";
				DEVELOPMENT_TEAM = B3Z3X78JYE;
				ENABLE_HARDENED_RUNTIME = YES;
				ENABLE_PREVIEWS = YES;
				GENERATE_INFOPLIST_FILE = YES;
				"INFOPLIST_KEY_UIApplicationSceneManifest_Generation[sdk=iphoneos*]" = YES;
				"INFOPLIST_KEY_UIApplicationSceneManifest_Generation[sdk=iphonesimulator*]" = YES;
				"INFOPLIST_KEY_UIApplicationSupportsIndirectInputEvents[sdk=iphoneos*]" = YES;
				"INFOPLIST_KEY_UIApplicationSupportsIndirectInputEvents[sdk=iphonesimulator*]" = YES;
				"INFOPLIST_KEY_UILaunchScreen_Generation[sdk=iphoneos*]" = YES;
				"INFOPLIST_KEY_UILaunchScreen_Generation[sdk=iphonesimulator*]" = YES;
				"INFOPLIST_KEY_UIStatusBarStyle[sdk=iphoneos*]" = UIStatusBarStyleDefault;
				"INFOPLIST_KEY_UIStatusBarStyle[sdk=iphonesimulator*]" = UIStatusBarStyleDefault;
				INFOPLIST_KEY_UISupportedInterfaceOrientations_iPad = "UIInterfaceOrientationPortrait UIInterfaceOrientationPortraitUpsideDown UIInterfaceOrientationLandscapeLeft UIInterfaceOrientationLandscapeRight";
				INFOPLIST_KEY_UISupportedInterfaceOrientations_iPhone = "UIInterfaceOrientationPortrait UIInterfaceOrientationLandscapeLeft UIInterfaceOrientationLandscapeRight";
				IPHONEOS_DEPLOYMENT_TARGET = 17.5;
				LD_RUNPATH_SEARCH_PATHS = "@executable_path/Frameworks";
				"LD_RUNPATH_SEARCH_PATHS[sdk=macosx*]" = "@executable_path/../Frameworks";
				MACOSX_DEPLOYMENT_TARGET = 14.5;
				MARKETING_VERSION = 1.0;
				PRODUCT_BUNDLE_IDENTIFIER = dev.chrispatterson.WebSocketsDemoApp;
				PRODUCT_NAME = "$(TARGET_NAME)";
				SDKROOT = auto;
				SUPPORTED_PLATFORMS = "iphoneos iphonesimulator macosx";
				SWIFT_EMIT_LOC_STRINGS = YES;
				SWIFT_VERSION = 5.0;
				TARGETED_DEVICE_FAMILY = "1,2";
			};
			name = Release;
		};
/* End XCBuildConfiguration section */

/* Begin XCConfigurationList section */
		219272E12C1DC75C003DB9D6 /* Build configuration list for PBXProject "WebSocketsDemoApp" */ = {
			isa = XCConfigurationList;
			buildConfigurations = (
				219272F32C1DC75D003DB9D6 /* Debug */,
				219272F42C1DC75D003DB9D6 /* Release */,
			);
			defaultConfigurationIsVisible = 0;
			defaultConfigurationName = Release;
		};
		219272F52C1DC75D003DB9D6 /* Build configuration list for PBXNativeTarget "WebSocketsDemoApp" */ = {
			isa = XCConfigurationList;
			buildConfigurations = (
				219272F62C1DC75D003DB9D6 /* Debug */,
				219272F72C1DC75D003DB9D6 /* Release */,
			);
			defaultConfigurationIsVisible = 0;
			defaultConfigurationName = Release;
		};
/* End XCConfigurationList section */
	};
	rootObject = 219272DE2C1DC75C003DB9D6 /* Project object */;
}
